// !$*UTF8*$!
{
	archiveVersion = 1;
	classes = {
	};
	objectVersion = 56;
	objects = {

/* Begin PBXBuildFile section */
		A1B2C3D4E5F60001 /* HeyJarvisApp.swift in Sources */ = {isa = PBXBuildFile; fileRef = B1C2D3E4F5A60001 /* HeyJarvisApp.swift */; };
		A1B2C3D4E5F60002 /* ContentView.swift in Sources */ = {isa = PBXBuildFile; fileRef = B1C2D3E4F5A60002 /* ContentView.swift */; };
		A1B2C3D4E5F60003 /* Assets.xcassets in Resources */ = {isa = PBXBuildFile; fileRef = B1C2D3E4F5A60003 /* Assets.xcassets */; };
		A1B2C3D4E5F60004 /* AppViewModel.swift in Sources */ = {isa = PBXBuildFile; fileRef = B1C2D3E4F5A60004 /* AppViewModel.swift */; };
		A1B2C3D4E5F60005 /* WakeWordDetector.swift in Sources */ = {isa = PBXBuildFile; fileRef = B1C2D3E4F5A60005 /* WakeWordDetector.swift */; };
		A1B2C3D4E5F60006 /* CommandManager.swift in Sources */ = {isa = PBXBuildFile; fileRef = B1C2D3E4F5A60006 /* CommandManager.swift */; };
		A1B2C3D4E5F60007 /* MetaWorkflowController.swift in Sources */ = {isa = PBXBuildFile; fileRef = B1C2D3E4F5A60007 /* MetaWorkflowController.swift */; };
		A1B2C3D4E5F60008 /* TextToSpeechManager.swift in Sources */ = {isa = PBXBuildFile; fileRef = B1C2D3E4F5A60008 /* TextToSpeechManager.swift */; };
		A1B2C3D4E5F60009 /* GroqTTSManager.swift in Sources */ = {isa = PBXBuildFile; fileRef = B1C2D3E4F5A60009 /* GroqTTSManager.swift */; };
		A1B2C3D4E5F60010 /* Command.swift in Sources */ = {isa = PBXBuildFile; fileRef = B1C2D3E4F5A60010 /* Command.swift */; };
		A1B2C3D4E5F60011 /* StatusView.swift in Sources */ = {isa = PBXBuildFile; fileRef = B1C2D3E4F5A60011 /* StatusView.swift */; };
		A1B2C3D4E5F60012 /* CommandHistoryView.swift in Sources */ = {isa = PBXBuildFile; fileRef = B1C2D3E4F5A60012 /* CommandHistoryView.swift */; };
		A1B2C3D4E5F60013 /* JarvisVoiceSettings.plist in Resources */ = {isa = PBXBuildFile; fileRef = B1C2D3E4F5A60013 /* JarvisVoiceSettings.plist */; };
		A1B2C3D4E5F60014 /* MetaGlassesManager.swift in Sources */ = {isa = PBXBuildFile; fileRef = B1C2D3E4F5A60014 /* MetaGlassesManager.swift */; };
		A1B2C3D4E5F60015 /* JarvisLiveActivity.swift in Sources */ = {isa = PBXBuildFile; fileRef = B1C2D3E4F5A60015 /* JarvisLiveActivity.swift */; };
		A1B2C3D4E5F60016 /* TTSError.swift in Sources */ = {isa = PBXBuildFile; fileRef = B1C2D3E4F5A60016 /* TTSError.swift */; };
		A1B2C3D4E5F60017 /* JarvisAI.swift in Sources */ = {isa = PBXBuildFile; fileRef = B1C2D3E4F5A60017 /* JarvisAI.swift */; };
		A1B2C3D4E5F60018 /* SettingsManager.swift in Sources */ = {isa = PBXBuildFile; fileRef = B1C2D3E4F5A60018 /* SettingsManager.swift */; };
		A1B2C3D4E5F60019 /* SoundManager.swift in Sources */ = {isa = PBXBuildFile; fileRef = B1C2D3E4F5A60019 /* SoundManager.swift */; };
		A1B2C3D4E5F60020 /* SettingsView.swift in Sources */ = {isa = PBXBuildFile; fileRef = B1C2D3E4F5A60020 /* SettingsView.swift */; };
		A1B2C3D4E5F60021 /* ConversationHistoryView.swift in Sources */ = {isa = PBXBuildFile; fileRef = B1C2D3E4F5A60021 /* ConversationHistoryView.swift */; };
		A1B2C3D4E5F60022 /* JarvisIntents.swift in Sources */ = {isa = PBXBuildFile; fileRef = B1C2D3E4F5A60022 /* JarvisIntents.swift */; };
		A1B2C3D4E5F60023 /* WidgetDataManager.swift in Sources */ = {isa = PBXBuildFile; fileRef = B1C2D3E4F5A60023 /* WidgetDataManager.swift */; };
		A1B2C3D4E5F60024 /* WeatherManager.swift in Sources */ = {isa = PBXBuildFile; fileRef = B1C2D3E4F5A60024 /* WeatherManager.swift */; };
		A1B2C3D4E5F60025 /* WatchSessionManager.swift in Sources */ = {isa = PBXBuildFile; fileRef = B1C2D3E4F5A60025 /* WatchSessionManager.swift */; };
		A1B2C3D4E5F60026 /* HomeManager.swift in Sources */ = {isa = PBXBuildFile; fileRef = B1C2D3E4F5A60026 /* HomeManager.swift */; };
		A1B2C3D4E5F60027 /* MediaManager.swift in Sources */ = {isa = PBXBuildFile; fileRef = B1C2D3E4F5A60027 /* MediaManager.swift */; };
		A1B2C3D4E5F60028 /* EventManager.swift in Sources */ = {isa = PBXBuildFile; fileRef = B1C2D3E4F5A60028 /* EventManager.swift */; };
		A1B2C3D4E5F60029 /* TimerManager.swift in Sources */ = {isa = PBXBuildFile; fileRef = B1C2D3E4F5A60029 /* TimerManager.swift */; };
		A1B2C3D4E5F60030 /* BriefingManager.swift in Sources */ = {isa = PBXBuildFile; fileRef = B1C2D3E4F5A60030 /* BriefingManager.swift */; };
		A1B2C3D4E5F60031 /* HealthManager.swift in Sources */ = {isa = PBXBuildFile; fileRef = B1C2D3E4F5A60031 /* HealthManager.swift */; };
		A1B2C3D4E5F60032 /* AppLauncherManager.swift in Sources */ = {isa = PBXBuildFile; fileRef = B1C2D3E4F5A60032 /* AppLauncherManager.swift */; };
		A1B2C3D4E5F60033 /* BackgroundManager.swift in Sources */ = {isa = PBXBuildFile; fileRef = B1C2D3E4F5A60033 /* BackgroundManager.swift */; };
		A1B2C3D4E5F60034 /* OfflineManager.swift in Sources */ = {isa = PBXBuildFile; fileRef = B1C2D3E4F5A60034 /* OfflineManager.swift */; };
		A1B2C3D4E5F60035 /* CommandReferenceView.swift in Sources */ = {isa = PBXBuildFile; fileRef = B1C2D3E4F5A60035 /* CommandReferenceView.swift */; };
		A1B2C3D4E5F60036 /* MemoryManager.swift in Sources */ = {isa = PBXBuildFile; fileRef = B1C2D3E4F5A60036 /* MemoryManager.swift */; };
		A1B2C3D4E5F60037 /* ProtocolManager.swift in Sources */ = {isa = PBXBuildFile; fileRef = B1C2D3E4F5A60037 /* ProtocolManager.swift */; };
		A1B2C3D4E5F60038 /* SystemMonitor.swift in Sources */ = {isa = PBXBuildFile; fileRef = B1C2D3E4F5A60038 /* SystemMonitor.swift */; };
		A1B2C3D4E5F60039 /* JarvisMindView.swift in Sources */ = {isa = PBXBuildFile; fileRef = B1C2D3E4F5A60039 /* JarvisMindView.swift */; };
		A1B2C3D4E5F60040 /* GlassesStatusView.swift in Sources */ = {isa = PBXBuildFile; fileRef = B1C2D3E4F5A60040 /* GlassesStatusView.swift */; };
		A1B2C3D4E5F60041 /* HeaderView.swift in Sources */ = {isa = PBXBuildFile; fileRef = B1C2D3E4F5A60041 /* HeaderView.swift */; };
		A1B2C3D4E5F60042 /* JarvisResponseView.swift in Sources */ = {isa = PBXBuildFile; fileRef = B1C2D3E4F5A60042 /* JarvisResponseView.swift */; };
		A1B2C3D4E5F60043 /* TranscriptionView.swift in Sources */ = {isa = PBXBuildFile; fileRef = B1C2D3E4F5A60043 /* TranscriptionView.swift */; };
/* End PBXBuildFile section */

/* Begin PBXFileReference section */
		B1C2D3E4F5A60001 /* HeyJarvisApp.swift */ = {isa = PBXFileReference; lastKnownFileType = sourcecode.swift; path = HeyJarvisApp.swift; sourceTree = "<group>"; };
		B1C2D3E4F5A60002 /* ContentView.swift */ = {isa = PBXFileReference; lastKnownFileType = sourcecode.swift; path = ContentView.swift; sourceTree = "<group>"; };
		B1C2D3E4F5A60003 /* Assets.xcassets */ = {isa = PBXFileReference; lastKnownFileType = folder.assetcatalog; path = Assets.xcassets; sourceTree = "<group>"; };
		B1C2D3E4F5A60004 /* AppViewModel.swift */ = {isa = PBXFileReference; lastKnownFileType = sourcecode.swift; path = AppViewModel.swift; sourceTree = "<group>"; };
		B1C2D3E4F5A60005 /* WakeWordDetector.swift */ = {isa = PBXFileReference; lastKnownFileType = sourcecode.swift; path = WakeWordDetector.swift; sourceTree = "<group>"; };
		B1C2D3E4F5A60006 /* CommandManager.swift */ = {isa = PBXFileReference; lastKnownFileType = sourcecode.swift; path = CommandManager.swift; sourceTree = "<group>"; };
		B1C2D3E4F5A60007 /* MetaWorkflowController.swift */ = {isa = PBXFileReference; lastKnownFileType = sourcecode.swift; path = MetaWorkflowController.swift; sourceTree = "<group>"; };
		B1C2D3E4F5A60008 /* TextToSpeechManager.swift */ = {isa = PBXFileReference; lastKnownFileType = sourcecode.swift; path = TextToSpeechManager.swift; sourceTree = "<group>"; };
		B1C2D3E4F5A60009 /* GroqTTSManager.swift */ = {isa = PBXFileReference; lastKnownFileType = sourcecode.swift; path = GroqTTSManager.swift; sourceTree = "<group>"; };
		B1C2D3E4F5A60010 /* Command.swift */ = {isa = PBXFileReference; lastKnownFileType = sourcecode.swift; path = Command.swift; sourceTree = "<group>"; };
		B1C2D3E4F5A60011 /* StatusView.swift */ = {isa = PBXFileReference; lastKnownFileType = sourcecode.swift; path = StatusView.swift; sourceTree = "<group>"; };
		B1C2D3E4F5A60012 /* CommandHistoryView.swift */ = {isa = PBXFileReference; lastKnownFileType = sourcecode.swift; path = CommandHistoryView.swift; sourceTree = "<group>"; };
		B1C2D3E4F5A60013 /* JarvisVoiceSettings.plist */ = {isa = PBXFileReference; lastKnownFileType = text.plist.xml; path = JarvisVoiceSettings.plist; sourceTree = "<group>"; };
		B1C2D3E4F5A60014 /* MetaGlassesManager.swift */ = {isa = PBXFileReference; lastKnownFileType = sourcecode.swift; path = MetaGlassesManager.swift; sourceTree = "<group>"; };
		B1C2D3E4F5A60015 /* JarvisLiveActivity.swift */ = {isa = PBXFileReference; lastKnownFileType = sourcecode.swift; path = JarvisLiveActivity.swift; sourceTree = "<group>"; };
		B1C2D3E4F5A60016 /* TTSError.swift */ = {isa = PBXFileReference; lastKnownFileType = sourcecode.swift; path = TTSError.swift; sourceTree = "<group>"; };
		B1C2D3E4F5A60017 /* JarvisAI.swift */ = {isa = PBXFileReference; lastKnownFileType = sourcecode.swift; path = JarvisAI.swift; sourceTree = "<group>"; };
		B1C2D3E4F5A60018 /* SettingsManager.swift */ = {isa = PBXFileReference; lastKnownFileType = sourcecode.swift; path = SettingsManager.swift; sourceTree = "<group>"; };
		B1C2D3E4F5A60019 /* SoundManager.swift */ = {isa = PBXFileReference; lastKnownFileType = sourcecode.swift; path = SoundManager.swift; sourceTree = "<group>"; };
		B1C2D3E4F5A60020 /* SettingsView.swift */ = {isa = PBXFileReference; lastKnownFileType = sourcecode.swift; path = SettingsView.swift; sourceTree = "<group>"; };
		B1C2D3E4F5A60021 /* ConversationHistoryView.swift */ = {isa = PBXFileReference; lastKnownFileType = sourcecode.swift; path = ConversationHistoryView.swift; sourceTree = "<group>"; };
		B1C2D3E4F5A60022 /* JarvisIntents.swift */ = {isa = PBXFileReference; lastKnownFileType = sourcecode.swift; path = JarvisIntents.swift; sourceTree = "<group>"; };
		B1C2D3E4F5A60023 /* WidgetDataManager.swift */ = {isa = PBXFileReference; lastKnownFileType = sourcecode.swift; path = WidgetDataManager.swift; sourceTree = "<group>"; };
		B1C2D3E4F5A60024 /* WeatherManager.swift */ = {isa = PBXFileReference; lastKnownFileType = sourcecode.swift; path = WeatherManager.swift; sourceTree = "<group>"; };
		B1C2D3E4F5A60025 /* WatchSessionManager.swift */ = {isa = PBXFileReference; lastKnownFileType = sourcecode.swift; path = WatchSessionManager.swift; sourceTree = "<group>"; };
		B1C2D3E4F5A60026 /* HomeManager.swift */ = {isa = PBXFileReference; lastKnownFileType = sourcecode.swift; path = HomeManager.swift; sourceTree = "<group>"; };
		B1C2D3E4F5A60027 /* MediaManager.swift */ = {isa = PBXFileReference; lastKnownFileType = sourcecode.swift; path = MediaManager.swift; sourceTree = "<group>"; };
		B1C2D3E4F5A60028 /* EventManager.swift */ = {isa = PBXFileReference; lastKnownFileType = sourcecode.swift; path = EventManager.swift; sourceTree = "<group>"; };
		B1C2D3E4F5A60029 /* TimerManager.swift */ = {isa = PBXFileReference; lastKnownFileType = sourcecode.swift; path = TimerManager.swift; sourceTree = "<group>"; };
		B1C2D3E4F5A60030 /* BriefingManager.swift */ = {isa = PBXFileReference; lastKnownFileType = sourcecode.swift; path = BriefingManager.swift; sourceTree = "<group>"; };
		B1C2D3E4F5A60031 /* HealthManager.swift */ = {isa = PBXFileReference; lastKnownFileType = sourcecode.swift; path = HealthManager.swift; sourceTree = "<group>"; };
		B1C2D3E4F5A60032 /* AppLauncherManager.swift */ = {isa = PBXFileReference; lastKnownFileType = sourcecode.swift; path = AppLauncherManager.swift; sourceTree = "<group>"; };
		B1C2D3E4F5A60033 /* BackgroundManager.swift */ = {isa = PBXFileReference; lastKnownFileType = sourcecode.swift; path = BackgroundManager.swift; sourceTree = "<group>"; };
		B1C2D3E4F5A60034 /* OfflineManager.swift */ = {isa = PBXFileReference; lastKnownFileType = sourcecode.swift; path = OfflineManager.swift; sourceTree = "<group>"; };
		B1C2D3E4F5A60035 /* CommandReferenceView.swift */ = {isa = PBXFileReference; lastKnownFileType = sourcecode.swift; path = CommandReferenceView.swift; sourceTree = "<group>"; };
		B1C2D3E4F5A60036 /* MemoryManager.swift */ = {isa = PBXFileReference; lastKnownFileType = sourcecode.swift; path = MemoryManager.swift; sourceTree = "<group>"; };
		B1C2D3E4F5A60037 /* ProtocolManager.swift */ = {isa = PBXFileReference; lastKnownFileType = sourcecode.swift; path = ProtocolManager.swift; sourceTree = "<group>"; };
		B1C2D3E4F5A60038 /* SystemMonitor.swift */ = {isa = PBXFileReference; lastKnownFileType = sourcecode.swift; path = SystemMonitor.swift; sourceTree = "<group>"; };
		B1C2D3E4F5A60039 /* JarvisMindView.swift */ = {isa = PBXFileReference; lastKnownFileType = sourcecode.swift; path = JarvisMindView.swift; sourceTree = "<group>"; };
		B1C2D3E4F5A60040 /* GlassesStatusView.swift */ = {isa = PBXFileReference; lastKnownFileType = sourcecode.swift; path = GlassesStatusView.swift; sourceTree = "<group>"; };
		B1C2D3E4F5A60041 /* HeaderView.swift */ = {isa = PBXFileReference; lastKnownFileType = sourcecode.swift; path = HeaderView.swift; sourceTree = "<group>"; };
		B1C2D3E4F5A60042 /* JarvisResponseView.swift */ = {isa = PBXFileReference; lastKnownFileType = sourcecode.swift; path = JarvisResponseView.swift; sourceTree = "<group>"; };
		B1C2D3E4F5A60043 /* TranscriptionView.swift */ = {isa = PBXFileReference; lastKnownFileType = sourcecode.swift; path = TranscriptionView.swift; sourceTree = "<group>"; };
		B1C2D3E4F5A60050 /* Info.plist */ = {isa = PBXFileReference; lastKnownFileType = text.plist.xml; path = Info.plist; sourceTree = "<group>"; };
		C1D2E3F4A5B60001 /* HeyJarvisApp.app */ = {isa = PBXFileReference; explicitFileType = wrapper.application; includeInIndex = 0; path = HeyJarvisApp.app; sourceTree = BUILT_PRODUCTS_DIR; };
/* End PBXFileReference section */

/* Begin PBXFrameworksBuildPhase section */
		D1E2F3A4B5C60001 /* Frameworks */ = {
			isa = PBXFrameworksBuildPhase;
			buildActionMask = 2147483647;
			files = (
			);
			runOnlyForDeploymentPostprocessing = 0;
		};
/* End PBXFrameworksBuildPhase section */

/* Begin PBXGroup section */
		E1F2A3B4C5D60001 = {
			isa = PBXGroup;
			children = (
				E1F2A3B4C5D60002 /* HeyJarvisApp */,
				E1F2A3B4C5D60003 /* Products */,
			);
			sourceTree = "<group>";
		};
		E1F2A3B4C5D60002 /* HeyJarvisApp */ = {
			isa = PBXGroup;
			children = (
				B1C2D3E4F5A60001 /* HeyJarvisApp.swift */,
				B1C2D3E4F5A60002 /* ContentView.swift */,
				B1C2D3E4F5A60004 /* AppViewModel.swift */,
				B1C2D3E4F5A60005 /* WakeWordDetector.swift */,
				B1C2D3E4F5A60006 /* CommandManager.swift */,
				B1C2D3E4F5A60007 /* MetaWorkflowController.swift */,
				B1C2D3E4F5A60008 /* TextToSpeechManager.swift */,
				B1C2D3E4F5A60009 /* GroqTTSManager.swift */,
				B1C2D3E4F5A60014 /* MetaGlassesManager.swift */,
				B1C2D3E4F5A60015 /* JarvisLiveActivity.swift */,
				B1C2D3E4F5A60017 /* JarvisAI.swift */,
				B1C2D3E4F5A60018 /* SettingsManager.swift */,
				B1C2D3E4F5A60019 /* SoundManager.swift */,
				B1C2D3E4F5A60022 /* JarvisIntents.swift */,
				B1C2D3E4F5A60023 /* WidgetDataManager.swift */,
				B1C2D3E4F5A60024 /* WeatherManager.swift */,
				B1C2D3E4F5A60025 /* WatchSessionManager.swift */,
				B1C2D3E4F5A60026 /* HomeManager.swift */,
				B1C2D3E4F5A60027 /* MediaManager.swift */,
				B1C2D3E4F5A60028 /* EventManager.swift */,
				B1C2D3E4F5A60029 /* TimerManager.swift */,
				B1C2D3E4F5A60030 /* BriefingManager.swift */,
				B1C2D3E4F5A60031 /* HealthManager.swift */,
				B1C2D3E4F5A60032 /* AppLauncherManager.swift */,
				B1C2D3E4F5A60033 /* BackgroundManager.swift */,
				B1C2D3E4F5A60034 /* OfflineManager.swift */,
				B1C2D3E4F5A60036 /* MemoryManager.swift */,
				B1C2D3E4F5A60037 /* ProtocolManager.swift */,
				B1C2D3E4F5A60038 /* SystemMonitor.swift */,
				E1F2A3B4C5D60004 /* Models */,
				E1F2A3B4C5D60005 /* Views */,
				E1F2A3B4C5D60006 /* Resources */,
				B1C2D3E4F5A60003 /* Assets.xcassets */,
				B1C2D3E4F5A60050 /* Info.plist */,
			);
			path = HeyJarvisApp;
			sourceTree = "<group>";
		};
		E1F2A3B4C5D60003 /* Products */ = {
			isa = PBXGroup;
			children = (
				C1D2E3F4A5B60001 /* HeyJarvisApp.app */,
			);
			name = Products;
			sourceTree = "<group>";
		};
		E1F2A3B4C5D60004 /* Models */ = {
			isa = PBXGroup;
			children = (
				B1C2D3E4F5A60010 /* Command.swift */,
				B1C2D3E4F5A60016 /* TTSError.swift */,
			);
			path = Models;
			sourceTree = "<group>";
		};
		E1F2A3B4C5D60005 /* Views */ = {
			isa = PBXGroup;
			children = (
				B1C2D3E4F5A60011 /* StatusView.swift */,
				B1C2D3E4F5A60012 /* CommandHistoryView.swift */,
				B1C2D3E4F5A60020 /* SettingsView.swift */,
				B1C2D3E4F5A60021 /* ConversationHistoryView.swift */,
				B1C2D3E4F5A60035 /* CommandReferenceView.swift */,
				B1C2D3E4F5A60039 /* JarvisMindView.swift */,
				E1F2A3B4C5D60007 /* Components */,
			);
			path = Views;
			sourceTree = "<group>";
		};
		E1F2A3B4C5D60006 /* Resources */ = {
			isa = PBXGroup;
			children = (
				B1C2D3E4F5A60013 /* JarvisVoiceSettings.plist */,
			);
			path = Resources;
			sourceTree = "<group>";
		};
		E1F2A3B4C5D60007 /* Components */ = {
			isa = PBXGroup;
			children = (
				B1C2D3E4F5A60040 /* GlassesStatusView.swift */,
				B1C2D3E4F5A60041 /* HeaderView.swift */,
				B1C2D3E4F5A60042 /* JarvisResponseView.swift */,
				B1C2D3E4F5A60043 /* TranscriptionView.swift */,
			);
			path = Components;
			sourceTree = "<group>";
		};
/* End PBXGroup section */

/* Begin PBXNativeTarget section */
		F1A2B3C4D5E60001 /* HeyJarvisApp */ = {
			isa = PBXNativeTarget;
			buildConfigurationList = F1A2B3C4D5E60010 /* Build configuration list for PBXNativeTarget "HeyJarvisApp" */;
			buildPhases = (
				F1A2B3C4D5E60002 /* Sources */,
				D1E2F3A4B5C60001 /* Frameworks */,
				F1A2B3C4D5E60003 /* Resources */,
			);
			buildRules = (
			);
			dependencies = (
			);
			name = HeyJarvisApp;
			productName = HeyJarvisApp;
			productReference = C1D2E3F4A5B60001 /* HeyJarvisApp.app */;
			productType = "com.apple.product-type.application";
		};
/* End PBXNativeTarget section */

/* Begin PBXProject section */
		A1B2C3D4E5F60100 /* Project object */ = {
			isa = PBXProject;
			attributes = {
				BuildIndependentTargetsInParallel = 1;
				LastSwiftUpdateCheck = 1500;
				LastUpgradeCheck = 1500;
				TargetAttributes = {
					F1A2B3C4D5E60001 = {
						CreatedOnToolsVersion = 15.0;
					};
				};
			};
			buildConfigurationList = A1B2C3D4E5F60101 /* Build configuration list for PBXProject "HeyJarvisApp" */;
			compatibilityVersion = "Xcode 14.0";
			developmentRegion = en;
			hasScannedForEncodings = 0;
			knownRegions = (
				en,
				Base,
			);
			mainGroup = E1F2A3B4C5D60001;
			productRefGroup = E1F2A3B4C5D60003 /* Products */;
			projectDirPath = "";
			projectRoot = "";
			targets = (
				F1A2B3C4D5E60001 /* HeyJarvisApp */,
			);
		};
/* End PBXProject section */

/* Begin PBXResourcesBuildPhase section */
		F1A2B3C4D5E60003 /* Resources */ = {
			isa = PBXResourcesBuildPhase;
			buildActionMask = 2147483647;
			files = (
				A1B2C3D4E5F60003 /* Assets.xcassets in Resources */,
				A1B2C3D4E5F60013 /* JarvisVoiceSettings.plist in Resources */,
			);
			runOnlyForDeploymentPostprocessing = 0;
		};
/* End PBXResourcesBuildPhase section */

/* Begin PBXSourcesBuildPhase section */
		F1A2B3C4D5E60002 /* Sources */ = {
			isa = PBXSourcesBuildPhase;
			buildActionMask = 2147483647;
			files = (
				A1B2C3D4E5F60001 /* HeyJarvisApp.swift in Sources */,
				A1B2C3D4E5F60002 /* ContentView.swift in Sources */,
				A1B2C3D4E5F60004 /* AppViewModel.swift in Sources */,
				A1B2C3D4E5F60005 /* WakeWordDetector.swift in Sources */,
				A1B2C3D4E5F60006 /* CommandManager.swift in Sources */,
				A1B2C3D4E5F60007 /* MetaWorkflowController.swift in Sources */,
				A1B2C3D4E5F60008 /* TextToSpeechManager.swift in Sources */,
				A1B2C3D4E5F60009 /* GroqTTSManager.swift in Sources */,
				A1B2C3D4E5F60010 /* Command.swift in Sources */,
				A1B2C3D4E5F60011 /* StatusView.swift in Sources */,
				A1B2C3D4E5F60012 /* CommandHistoryView.swift in Sources */,
				A1B2C3D4E5F60014 /* MetaGlassesManager.swift in Sources */,
				A1B2C3D4E5F60015 /* JarvisLiveActivity.swift in Sources */,
				A1B2C3D4E5F60016 /* TTSError.swift in Sources */,
				A1B2C3D4E5F60017 /* JarvisAI.swift in Sources */,
				A1B2C3D4E5F60018 /* SettingsManager.swift in Sources */,
				A1B2C3D4E5F60019 /* SoundManager.swift in Sources */,
				A1B2C3D4E5F60020 /* SettingsView.swift in Sources */,
				A1B2C3D4E5F60021 /* ConversationHistoryView.swift in Sources */,
				A1B2C3D4E5F60022 /* JarvisIntents.swift in Sources */,
				A1B2C3D4E5F60023 /* WidgetDataManager.swift in Sources */,
				A1B2C3D4E5F60024 /* WeatherManager.swift in Sources */,
				A1B2C3D4E5F60025 /* WatchSessionManager.swift in Sources */,
				A1B2C3D4E5F60026 /* HomeManager.swift in Sources */,
				A1B2C3D4E5F60027 /* MediaManager.swift in Sources */,
				A1B2C3D4E5F60028 /* EventManager.swift in Sources */,
				A1B2C3D4E5F60029 /* TimerManager.swift in Sources */,
				A1B2C3D4E5F60030 /* BriefingManager.swift in Sources */,
				A1B2C3D4E5F60031 /* HealthManager.swift in Sources */,
				A1B2C3D4E5F60032 /* AppLauncherManager.swift in Sources */,
				A1B2C3D4E5F60033 /* BackgroundManager.swift in Sources */,
				A1B2C3D4E5F60034 /* OfflineManager.swift in Sources */,
				A1B2C3D4E5F60035 /* CommandReferenceView.swift in Sources */,
				A1B2C3D4E5F60036 /* MemoryManager.swift in Sources */,
				A1B2C3D4E5F60037 /* ProtocolManager.swift in Sources */,
				A1B2C3D4E5F60038 /* SystemMonitor.swift in Sources */,
				A1B2C3D4E5F60039 /* JarvisMindView.swift in Sources */,
				A1B2C3D4E5F60040 /* GlassesStatusView.swift in Sources */,
				A1B2C3D4E5F60041 /* HeaderView.swift in Sources */,
				A1B2C3D4E5F60042 /* JarvisResponseView.swift in Sources */,
				A1B2C3D4E5F60043 /* TranscriptionView.swift in Sources */,
			);
			runOnlyForDeploymentPostprocessing = 0;
		};
/* End PBXSourcesBuildPhase section */

/* Begin XCBuildConfiguration section */
		A1B2C3D4E5F60200 /* Debug */ = {
			isa = XCBuildConfiguration;
			buildSettings = {
				ALWAYS_SEARCH_USER_PATHS = NO;
				ASSETCATALOG_COMPILER_GENERATE_SWIFT_ASSET_SYMBOL_EXTENSIONS = YES;
				CLANG_ANALYZER_NONNULL = YES;
				CLANG_ANALYZER_NUMBER_OBJECT_CONVERSION = YES_AGGRESSIVE;
				CLANG_CXX_LANGUAGE_STANDARD = "gnu++20";
				CLANG_ENABLE_MODULES = YES;
				CLANG_ENABLE_OBJC_ARC = YES;
				CLANG_ENABLE_OBJC_WEAK = YES;
				CLANG_WARN_BLOCK_CAPTURE_AUTORELEASING = YES;
				CLANG_WARN_BOOL_CONVERSION = YES;
				CLANG_WARN_COMMA = YES;
				CLANG_WARN_CONSTANT_CONVERSION = YES;
				CLANG_WARN_DEPRECATED_OBJC_IMPLEMENTATIONS = YES;
				CLANG_WARN_DIRECT_OBJC_ISA_USAGE = YES_ERROR;
				CLANG_WARN_DOCUMENTATION_COMMENTS = YES;
				CLANG_WARN_EMPTY_BODY = YES;
				CLANG_WARN_ENUM_CONVERSION = YES;
				CLANG_WARN_INFINITE_RECURSION = YES;
				CLANG_WARN_INT_CONVERSION = YES;
				CLANG_WARN_NON_LITERAL_NULL_CONVERSION = YES;
				CLANG_WARN_OBJC_IMPLICIT_RETAIN_SELF = YES;
				CLANG_WARN_OBJC_LITERAL_CONVERSION = YES;
				CLANG_WARN_OBJC_ROOT_CLASS = YES_ERROR;
				CLANG_WARN_QUOTED_INCLUDE_IN_FRAMEWORK_HEADER = YES;
				CLANG_WARN_RANGE_LOOP_ANALYSIS = YES;
				CLANG_WARN_STRICT_PROTOTYPES = YES;
				CLANG_WARN_SUSPICIOUS_MOVE = YES;
				CLANG_WARN_UNGUARDED_AVAILABILITY = YES_AGGRESSIVE;
				CLANG_WARN_UNREACHABLE_CODE = YES;
				CLANG_WARN__DUPLICATE_METHOD_MATCH = YES;
				COPY_PHASE_STRIP = NO;
				DEBUG_INFORMATION_FORMAT = dwarf;
				ENABLE_STRICT_OBJC_MSGSEND = YES;
				ENABLE_TESTABILITY = YES;
				ENABLE_USER_SCRIPT_SANDBOXING = YES;
				GCC_C_LANGUAGE_STANDARD = gnu17;
				GCC_DYNAMIC_NO_PIC = NO;
				GCC_NO_COMMON_BLOCKS = YES;
				GCC_OPTIMIZATION_LEVEL = 0;
				GCC_PREPROCESSOR_DEFINITIONS = (
					"DEBUG=1",
					"$(inherited)",
				);
				GCC_WARN_64_TO_32_BIT_CONVERSION = YES;
				GCC_WARN_ABOUT_RETURN_TYPE = YES_ERROR;
				GCC_WARN_UNDECLARED_SELECTOR = YES;
				GCC_WARN_UNINITIALIZED_AUTOS = YES_AGGRESSIVE;
				GCC_WARN_UNUSED_FUNCTION = YES;
				GCC_WARN_UNUSED_VARIABLE = YES;
				IPHONEOS_DEPLOYMENT_TARGET = 17.0;
				LOCALIZATION_PREFERS_STRING_CATALOGS = YES;
				MTL_ENABLE_DEBUG_INFO = INCLUDE_SOURCE;
				MTL_FAST_MATH = YES;
				ONLY_ACTIVE_ARCH = YES;
				SDKROOT = iphoneos;
				SWIFT_ACTIVE_COMPILATION_CONDITIONS = "DEBUG $(inherited)";
				SWIFT_OPTIMIZATION_LEVEL = "-Onone";
			};
			name = Debug;
		};
		A1B2C3D4E5F60201 /* Release */ = {
			isa = XCBuildConfiguration;
			buildSettings = {
				ALWAYS_SEARCH_USER_PATHS = NO;
				ASSETCATALOG_COMPILER_GENERATE_SWIFT_ASSET_SYMBOL_EXTENSIONS = YES;
				CLANG_ANALYZER_NONNULL = YES;
				CLANG_ANALYZER_NUMBER_OBJECT_CONVERSION = YES_AGGRESSIVE;
				CLANG_CXX_LANGUAGE_STANDARD = "gnu++20";
				CLANG_ENABLE_MODULES = YES;
				CLANG_ENABLE_OBJC_ARC = YES;
				CLANG_ENABLE_OBJC_WEAK = YES;
				CLANG_WARN_BLOCK_CAPTURE_AUTORELEASING = YES;
				CLANG_WARN_BOOL_CONVERSION = YES;
				CLANG_WARN_COMMA = YES;
				CLANG_WARN_CONSTANT_CONVERSION = YES;
				CLANG_WARN_DEPRECATED_OBJC_IMPLEMENTATIONS = YES;
				CLANG_WARN_DIRECT_OBJC_ISA_USAGE = YES_ERROR;
				CLANG_WARN_DOCUMENTATION_COMMENTS = YES;
				CLANG_WARN_EMPTY_BODY = YES;
				CLANG_WARN_ENUM_CONVERSION = YES;
				CLANG_WARN_INFINITE_RECURSION = YES;
				CLANG_WARN_INT_CONVERSION = YES;
				CLANG_WARN_NON_LITERAL_NULL_CONVERSION = YES;
				CLANG_WARN_OBJC_IMPLICIT_RETAIN_SELF = YES;
				CLANG_WARN_OBJC_LITERAL_CONVERSION = YES;
				CLANG_WARN_OBJC_ROOT_CLASS = YES_ERROR;
				CLANG_WARN_QUOTED_INCLUDE_IN_FRAMEWORK_HEADER = YES;
				CLANG_WARN_RANGE_LOOP_ANALYSIS = YES;
				CLANG_WARN_STRICT_PROTOTYPES = YES;
				CLANG_WARN_SUSPICIOUS_MOVE = YES;
				CLANG_WARN_UNGUARDED_AVAILABILITY = YES_AGGRESSIVE;
				CLANG_WARN_UNREACHABLE_CODE = YES;
				CLANG_WARN__DUPLICATE_METHOD_MATCH = YES;
				COPY_PHASE_STRIP = NO;
				DEBUG_INFORMATION_FORMAT = "dwarf-with-dsym";
				ENABLE_NS_ASSERTIONS = NO;
				ENABLE_STRICT_OBJC_MSGSEND = YES;
				ENABLE_USER_SCRIPT_SANDBOXING = YES;
				GCC_C_LANGUAGE_STANDARD = gnu17;
				GCC_NO_COMMON_BLOCKS = YES;
				GCC_WARN_64_TO_32_BIT_CONVERSION = YES;
				GCC_WARN_ABOUT_RETURN_TYPE = YES_ERROR;
				GCC_WARN_UNDECLARED_SELECTOR = YES;
				GCC_WARN_UNINITIALIZED_AUTOS = YES_AGGRESSIVE;
				GCC_WARN_UNUSED_FUNCTION = YES;
				GCC_WARN_UNUSED_VARIABLE = YES;
				IPHONEOS_DEPLOYMENT_TARGET = 17.0;
				LOCALIZATION_PREFERS_STRING_CATALOGS = YES;
				MTL_ENABLE_DEBUG_INFO = NO;
				MTL_FAST_MATH = YES;
				SDKROOT = iphoneos;
				SWIFT_COMPILATION_MODE = wholemodule;
				VALIDATE_PRODUCT = YES;
			};
			name = Release;
		};
		A1B2C3D4E5F60202 /* Debug */ = {
			isa = XCBuildConfiguration;
			buildSettings = {
				ASSETCATALOG_COMPILER_APPICON_NAME = AppIcon;
				ASSETCATALOG_COMPILER_GLOBAL_ACCENT_COLOR_NAME = AccentColor;
				CODE_SIGN_STYLE = Automatic;
				CURRENT_PROJECT_VERSION = 1;
				DEVELOPMENT_TEAM = "";
				ENABLE_PREVIEWS = YES;
				GENERATE_INFOPLIST_FILE = NO;
				INFOPLIST_FILE = HeyJarvisApp/Info.plist;
				INFOPLIST_KEY_CFBundleDisplayName = "Hey Jarvis";
				INFOPLIST_KEY_UIApplicationSceneManifest_Generation = YES;
				INFOPLIST_KEY_UIApplicationSupportsIndirectInputEvents = YES;
				INFOPLIST_KEY_UILaunchScreen_Generation = YES;
				INFOPLIST_KEY_UISupportedInterfaceOrientations_iPad = "UIInterfaceOrientationPortrait UIInterfaceOrientationPortraitUpsideDown UIInterfaceOrientationLandscapeLeft UIInterfaceOrientationLandscapeRight";
				INFOPLIST_KEY_UISupportedInterfaceOrientations_iPhone = "UIInterfaceOrientationPortrait UIInterfaceOrientationLandscapeLeft UIInterfaceOrientationLandscapeRight";
				LD_RUNPATH_SEARCH_PATHS = (
					"$(inherited)",
					"@executable_path/Frameworks",
				);
				MARKETING_VERSION = 3.6.8;
				PRODUCT_BUNDLE_IDENTIFIER = com.AI.Jarvis;
				PRODUCT_NAME = "$(TARGET_NAME)";
				SWIFT_EMIT_LOC_STRINGS = YES;
				SWIFT_VERSION = 5.0;
				TARGETED_DEVICE_FAMILY = "1,2";
			};
			name = Debug;
		};
		A1B2C3D4E5F60203 /* Release */ = {
			isa = XCBuildConfiguration;
			buildSettings = {
				ASSETCATALOG_COMPILER_APPICON_NAME = AppIcon;
				ASSETCATALOG_COMPILER_GLOBAL_ACCENT_COLOR_NAME = AccentColor;
				CODE_SIGN_STYLE = Automatic;
				CURRENT_PROJECT_VERSION = 1;
				DEVELOPMENT_TEAM = "";
				ENABLE_PREVIEWS = YES;
				GENERATE_INFOPLIST_FILE = NO;
				INFOPLIST_FILE = HeyJarvisApp/Info.plist;
				INFOPLIST_KEY_CFBundleDisplayName = "Hey Jarvis";
				INFOPLIST_KEY_UIApplicationSceneManifest_Generation = YES;
				INFOPLIST_KEY_UIApplicationSupportsIndirectInputEvents = YES;
				INFOPLIST_KEY_UILaunchScreen_Generation = YES;
				INFOPLIST_KEY_UISupportedInterfaceOrientations_iPad = "UIInterfaceOrientationPortrait UIInterfaceOrientationPortraitUpsideDown UIInterfaceOrientationLandscapeLeft UIInterfaceOrientationLandscapeRight";
				INFOPLIST_KEY_UISupportedInterfaceOrientations_iPhone = "UIInterfaceOrientationPortrait UIInterfaceOrientationLandscapeLeft UIInterfaceOrientationLandscapeRight";
				LD_RUNPATH_SEARCH_PATHS = (
					"$(inherited)",
					"@executable_path/Frameworks",
				);
				MARKETING_VERSION = 3.6.8;
				PRODUCT_BUNDLE_IDENTIFIER = com.AI.Jarvis;
				PRODUCT_NAME = "$(TARGET_NAME)";
				SWIFT_EMIT_LOC_STRINGS = YES;
				SWIFT_VERSION = 5.0;
				TARGETED_DEVICE_FAMILY = "1,2";
			};
			name = Release;
		};
/* End XCBuildConfiguration section */

/* Begin XCConfigurationList section */
		A1B2C3D4E5F60101 /* Build configuration list for PBXProject "HeyJarvisApp" */ = {
			isa = XCConfigurationList;
			buildConfigurations = (
				A1B2C3D4E5F60200 /* Debug */,
				A1B2C3D4E5F60201 /* Release */,
			);
			defaultConfigurationIsVisible = 0;
			defaultConfigurationName = Release;
		};
		F1A2B3C4D5E60010 /* Build configuration list for PBXNativeTarget "HeyJarvisApp" */ = {
			isa = XCConfigurationList;
			buildConfigurations = (
				A1B2C3D4E5F60202 /* Debug */,
				A1B2C3D4E5F60203 /* Release */,
			);
			defaultConfigurationIsVisible = 0;
			defaultConfigurationName = Release;
		};
/* End XCConfigurationList section */
	};
	rootObject = A1B2C3D4E5F60100 /* Project object */;
}
