// !$*UTF8*$!
{
	archiveVersion = 1;
	classes = {
	};
	objectVersion = 56;
	objects = {

		0001 /* HeyJarvisApp.swift in Sources */ = {isa = PBXBuildFile; fileRef = 1001 /* HeyJarvisApp.swift */; };
		0002 /* ContentView.swift in Sources */ = {isa = PBXBuildFile; fileRef = 1002 /* ContentView.swift */; };
		0003 /* Assets.xcassets in Resources */ = {isa = PBXBuildFile; fileRef = 1003 /* Assets.xcassets */; };
		0004 /* AppViewModel.swift in Sources */ = {isa = PBXBuildFile; fileRef = 1004 /* AppViewModel.swift */; };
		0005 /* WakeWordDetector.swift in Sources */ = {isa = PBXBuildFile; fileRef = 1005 /* WakeWordDetector.swift */; };
		0006 /* CommandManager.swift in Sources */ = {isa = PBXBuildFile; fileRef = 1006 /* CommandManager.swift */; };
		0007 /* MetaWorkflowController.swift in Sources */ = {isa = PBXBuildFile; fileRef = 1007 /* MetaWorkflowController.swift */; };
		0008 /* TextToSpeechManager.swift in Sources */ = {isa = PBXBuildFile; fileRef = 1008 /* TextToSpeechManager.swift */; };
		0009 /* GroqTTSManager.swift in Sources */ = {isa = PBXBuildFile; fileRef = 1009 /* GroqTTSManager.swift */; };
		0010 /* Command.swift in Sources */ = {isa = PBXBuildFile; fileRef = 1010 /* Command.swift */; };
		0011 /* StatusView.swift in Sources */ = {isa = PBXBuildFile; fileRef = 1011 /* StatusView.swift */; };
		0012 /* CommandHistoryView.swift in Sources */ = {isa = PBXBuildFile; fileRef = 1012 /* CommandHistoryView.swift */; };
		0013 /* JarvisVoiceSettings.plist in Resources */ = {isa = PBXBuildFile; fileRef = 1013 /* JarvisVoiceSettings.plist */; };
		0014 /* MetaGlassesManager.swift in Sources */ = {isa = PBXBuildFile; fileRef = 1015 /* MetaGlassesManager.swift */; };
		0015 /* JarvisLiveActivity.swift in Sources */ = {isa = PBXBuildFile; fileRef = 1016 /* JarvisLiveActivity.swift */; };
		0016 /* TTSError.swift in Sources */ = {isa = PBXBuildFile; fileRef = 1017 /* TTSError.swift */; };
		0017 /* JarvisAI.swift in Sources */ = {isa = PBXBuildFile; fileRef = 1018 /* JarvisAI.swift */; };
		0018 /* SettingsManager.swift in Sources */ = {isa = PBXBuildFile; fileRef = 1019 /* SettingsManager.swift */; };
		0019 /* SoundManager.swift in Sources */ = {isa = PBXBuildFile; fileRef = 1020 /* SoundManager.swift */; };
		0020 /* SettingsView.swift in Sources */ = {isa = PBXBuildFile; fileRef = 1021 /* SettingsView.swift */; };
		0021 /* ConversationHistoryView.swift in Sources */ = {isa = PBXBuildFile; fileRef = 1022 /* ConversationHistoryView.swift */; };
		0022 /* JarvisIntents.swift in Sources */ = {isa = PBXBuildFile; fileRef = 1023 /* JarvisIntents.swift */; };
		0023 /* WidgetDataManager.swift in Sources */ = {isa = PBXBuildFile; fileRef = 1024 /* WidgetDataManager.swift */; };
		0024 /* WeatherManager.swift in Sources */ = {isa = PBXBuildFile; fileRef = 1025 /* WeatherManager.swift */; };
		0025 /* WatchSessionManager.swift in Sources */ = {isa = PBXBuildFile; fileRef = 1026 /* WatchSessionManager.swift */; };
		0026 /* HomeManager.swift in Sources */ = {isa = PBXBuildFile; fileRef = 1027 /* HomeManager.swift */; };
		0027 /* MediaManager.swift in Sources */ = {isa = PBXBuildFile; fileRef = 1028 /* MediaManager.swift */; };
		0028 /* EventManager.swift in Sources */ = {isa = PBXBuildFile; fileRef = 1029 /* EventManager.swift */; };
/* End PBXBuildFile section */

/* Begin PBXFileReference section */
		1001 /* HeyJarvisApp.swift */ = {isa = PBXFileReference; lastKnownFileType = sourcecode.swift; path = HeyJarvisApp.swift; sourceTree = "<group>"; };
		1002 /* ContentView.swift */ = {isa = PBXFileReference; lastKnownFileType = sourcecode.swift; path = ContentView.swift; sourceTree = "<group>"; };
		1003 /* Assets.xcassets */ = {isa = PBXFileReference; lastKnownFileType = folder.assetcatalog; path = Assets.xcassets; sourceTree = "<group>"; };
		1004 /* AppViewModel.swift */ = {isa = PBXFileReference; lastKnownFileType = sourcecode.swift; path = AppViewModel.swift; sourceTree = "<group>"; };
		1005 /* WakeWordDetector.swift */ = {isa = PBXFileReference; lastKnownFileType = sourcecode.swift; path = WakeWordDetector.swift; sourceTree = "<group>"; };
		1006 /* CommandManager.swift */ = {isa = PBXFileReference; lastKnownFileType = sourcecode.swift; path = CommandManager.swift; sourceTree = "<group>"; };
		1007 /* MetaWorkflowController.swift */ = {isa = PBXFileReference; lastKnownFileType = sourcecode.swift; path = MetaWorkflowController.swift; sourceTree = "<group>"; };
		1008 /* TextToSpeechManager.swift */ = {isa = PBXFileReference; lastKnownFileType = sourcecode.swift; path = TextToSpeechManager.swift; sourceTree = "<group>"; };
		1009 /* GroqTTSManager.swift */ = {isa = PBXFileReference; lastKnownFileType = sourcecode.swift; path = GroqTTSManager.swift; sourceTree = "<group>"; };
		1010 /* Command.swift */ = {isa = PBXFileReference; lastKnownFileType = sourcecode.swift; path = Command.swift; sourceTree = "<group>"; };
		1011 /* StatusView.swift */ = {isa = PBXFileReference; lastKnownFileType = sourcecode.swift; path = StatusView.swift; sourceTree = "<group>"; };
		1012 /* CommandHistoryView.swift */ = {isa = PBXFileReference; lastKnownFileType = sourcecode.swift; path = CommandHistoryView.swift; sourceTree = "<group>"; };
		1013 /* JarvisVoiceSettings.plist */ = {isa = PBXFileReference; lastKnownFileType = text.plist.xml; path = JarvisVoiceSettings.plist; sourceTree = "<group>"; };
		1014 /* Info.plist */ = {isa = PBXFileReference; lastKnownFileType = text.plist.xml; path = Info.plist; sourceTree = "<group>"; };
		1015 /* MetaGlassesManager.swift */ = {isa = PBXFileReference; lastKnownFileType = sourcecode.swift; path = MetaGlassesManager.swift; sourceTree = "<group>"; };
		1016 /* JarvisLiveActivity.swift */ = {isa = PBXFileReference; lastKnownFileType = sourcecode.swift; path = JarvisLiveActivity.swift; sourceTree = "<group>"; };
		1017 /* TTSError.swift */ = {isa = PBXFileReference; lastKnownFileType = sourcecode.swift; path = TTSError.swift; sourceTree = "<group>"; };
		1018 /* JarvisAI.swift */ = {isa = PBXFileReference; lastKnownFileType = sourcecode.swift; path = JarvisAI.swift; sourceTree = "<group>"; };
		1019 /* SettingsManager.swift */ = {isa = PBXFileReference; lastKnownFileType = sourcecode.swift; path = SettingsManager.swift; sourceTree = "<group>"; };
		1020 /* SoundManager.swift */ = {isa = PBXFileReference; lastKnownFileType = sourcecode.swift; path = SoundManager.swift; sourceTree = "<group>"; };
		1021 /* SettingsView.swift */ = {isa = PBXFileReference; lastKnownFileType = sourcecode.swift; path = SettingsView.swift; sourceTree = "<group>"; };
		1022 /* ConversationHistoryView.swift */ = {isa = PBXFileReference; lastKnownFileType = sourcecode.swift; path = ConversationHistoryView.swift; sourceTree = "<group>"; };
		1023 /* JarvisIntents.swift */ = {isa = PBXFileReference; lastKnownFileType = sourcecode.swift; path = JarvisIntents.swift; sourceTree = "<group>"; };
		1024 /* WidgetDataManager.swift */ = {isa = PBXFileReference; lastKnownFileType = sourcecode.swift; path = WidgetDataManager.swift; sourceTree = "<group>"; };
		1025 /* WeatherManager.swift */ = {isa = PBXFileReference; lastKnownFileType = sourcecode.swift; path = WeatherManager.swift; sourceTree = "<group>"; };
		1026 /* WatchSessionManager.swift */ = {isa = PBXFileReference; lastKnownFileType = sourcecode.swift; path = "WatchSessionManager.swift"; sourceTree = "<group>"; };
		1027 /* HomeManager.swift */ = {isa = PBXFileReference; lastKnownFileType = sourcecode.swift; path = HomeManager.swift; sourceTree = "<group>"; };
		1028 /* MediaManager.swift */ = {isa = PBXFileReference; lastKnownFileType = sourcecode.swift; path = MediaManager.swift; sourceTree = "<group>"; };
		1029 /* EventManager.swift */ = {isa = PBXFileReference; lastKnownFileType = sourcecode.swift; path = EventManager.swift; sourceTree = "<group>"; };
		2000 /* HeyJarvisApp.app */ = {isa = PBXFileReference; explicitFileType = wrapper.application; includeInIndex = 0; path = HeyJarvisApp.app; sourceTree = BUILT_PRODUCTS_DIR; };
/* End PBXFileReference section */

/* Begin PBXFrameworksBuildPhase section */
		3000 /* Frameworks */ = {
			isa = PBXFrameworksBuildPhase;
			buildActionMask = 2147483647;
			files = (
			);
			runOnlyForDeploymentPostprocessing = 0;
		};
/* End PBXFrameworksBuildPhase section */

/* Begin PBXGroup section */
		4000 = {
			isa = PBXGroup;
			children = (
				4001 /* HeyJarvisApp */,
				4005 /* Products */,
			);
			sourceTree = "<group>";
		};
		4001 /* HeyJarvisApp */ = {
			isa = PBXGroup;
			children = (
				1001 /* HeyJarvisApp.swift */,
				1002 /* ContentView.swift */,
				1004 /* AppViewModel.swift */,
				1005 /* WakeWordDetector.swift */,
				1006 /* CommandManager.swift */,
				1007 /* MetaWorkflowController.swift */,
				1008 /* TextToSpeechManager.swift */,
				1009 /* GroqTTSManager.swift */,
				1015 /* MetaGlassesManager.swift */,
				1016 /* JarvisLiveActivity.swift */,
				1018 /* JarvisAI.swift */,
				1019 /* SettingsManager.swift */,
				1020 /* SoundManager.swift */,
				1023 /* JarvisIntents.swift */,
				1024 /* WidgetDataManager.swift */,
				1025 /* WeatherManager.swift */,
				1026 /* WatchSessionManager.swift */,
				1027 /* HomeManager.swift */,
				1028 /* MediaManager.swift */,
				1029 /* EventManager.swift */,
				4002 /* Models */,
				4003 /* Views */,
				4004 /* Resources */,
				1003 /* Assets.xcassets */,
				1014 /* Info.plist */,
			);
			path = HeyJarvisApp;
			sourceTree = "<group>";
		};
		4002 /* Models */ = {
			isa = PBXGroup;
			children = (
				1010 /* Command.swift */,
				1017 /* TTSError.swift */,
			);
			path = Models;
			sourceTree = "<group>";
		};
		4003 /* Views */ = {
			isa = PBXGroup;
			children = (
				1011 /* StatusView.swift */,
				1012 /* CommandHistoryView.swift */,
				1021 /* SettingsView.swift */,
				1022 /* ConversationHistoryView.swift */,
			);
			path = Views;
			sourceTree = "<group>";
		};
		4004 /* Resources */ = {
			isa = PBXGroup;
			children = (
				1013 /* JarvisVoiceSettings.plist */,
			);
			path = Resources;
			sourceTree = "<group>";
		};
		4005 /* Products */ = {
			isa = PBXGroup;
			children = (
				2000 /* HeyJarvisApp.app */,
			);
			name = Products;
			sourceTree = "<group>";
		};
/* End PBXGroup section */

/* Begin PBXNativeTarget section */
		5000 /* HeyJarvisApp */ = {
			isa = PBXNativeTarget;
			buildConfigurationList = 6002 /* Build configuration list for PBXNativeTarget "HeyJarvisApp" */;
			buildPhases = (
				5001 /* Sources */,
				3000 /* Frameworks */,
				5002 /* Resources */,
			);
			buildRules = (
			);
			dependencies = (
			);
			name = HeyJarvisApp;
			productName = HeyJarvisApp;
			productReference = 2000 /* HeyJarvisApp.app */;
			productType = "com.apple.product-type.application";
		};
/* End PBXNativeTarget section */

/* Begin PBXProject section */
		7000 /* Project object */ = {
			isa = PBXProject;
			attributes = {
				BuildIndependentTargetsInParallel = 1;
				LastSwiftUpdateCheck = 1500;
				LastUpgradeCheck = 1500;
				TargetAttributes = {
					5000 = {
						CreatedOnToolsVersion = 15.0;
					};
				};
			};
			buildConfigurationList = 6001 /* Build configuration list for PBXProject "HeyJarvisApp" */;
			compatibilityVersion = "Xcode 14.0";
			developmentRegion = en;
			hasScannedForEncodings = 0;
			knownRegions = (
				en,
				Base,
			);
			mainGroup = 4000;
			productRefGroup = 4005 /* Products */;
			projectDirPath = "";
			projectRoot = "";
			targets = (
				5000 /* HeyJarvisApp */,
			);
		};
/* End PBXProject section */

/* Begin PBXResourcesBuildPhase section */
		5002 /* Resources */ = {
			isa = PBXResourcesBuildPhase;
			buildActionMask = 2147483647;
			files = (
				0003 /* Assets.xcassets in Resources */,
				0013 /* JarvisVoiceSettings.plist in Resources */,
			);
			runOnlyForDeploymentPostprocessing = 0;
		};
/* End PBXResourcesBuildPhase section */

/* Begin PBXSourcesBuildPhase section */
		5001 /* Sources */ = {
			isa = PBXSourcesBuildPhase;
			buildActionMask = 2147483647;
			files = (
				0001 /* HeyJarvisApp.swift in Sources */,
				0002 /* ContentView.swift in Sources */,
				0004 /* AppViewModel.swift in Sources */,
				0005 /* WakeWordDetector.swift in Sources */,
				0006 /* CommandManager.swift in Sources */,
				0007 /* MetaWorkflowController.swift in Sources */,
				0008 /* TextToSpeechManager.swift in Sources */,
				0009 /* GroqTTSManager.swift in Sources */,
				0010 /* Command.swift in Sources */,
				0011 /* StatusView.swift in Sources */,
				0012 /* CommandHistoryView.swift in Sources */,
				0014 /* MetaGlassesManager.swift in Sources */,
				0015 /* JarvisLiveActivity.swift in Sources */,
				0016 /* TTSError.swift in Sources */,
				0017 /* JarvisAI.swift in Sources */,
				0018 /* SettingsManager.swift in Sources */,
				0019 /* SoundManager.swift in Sources */,
				0020 /* SettingsView.swift in Sources */,
				0021 /* ConversationHistoryView.swift in Sources */,
				0022 /* JarvisIntents.swift in Sources */,
				0023 /* WidgetDataManager.swift in Sources */,
				0024 /* WeatherManager.swift in Sources */,
				0025 /* WatchSessionManager.swift in Sources */,
				0026 /* HomeManager.swift in Sources */,
				0027 /* MediaManager.swift in Sources */,
				0028 /* EventManager.swift in Sources */,
			);
			runOnlyForDeploymentPostprocessing = 0;
		};
/* End PBXSourcesBuildPhase section */

/* Begin XCBuildConfiguration section */
		8001 /* Debug */ = {
			isa = XCBuildConfiguration;
			buildSettings = {
				ALWAYS_SEARCH_USER_PATHS = NO;
				ASSETCATALOG_COMPILER_GENERATE_SWIFT_ASSET_SYMBOL_EXTENSIONS = YES;
				CLANG_ANALYZER_NONNULL = YES;
				CLANG_ANALYZER_NUMBER_OBJECT_CONVERSION = YES_AGGRESSIVE;
				CLANG_CXX_LANGUAGE_STANDARD = "gnu++20";
				CLANG_ENABLE_MODULES = YES;
				CLANG_ENABLE_OBJC_ARC = YES;
				CLANG_ENABLE_OBJC_WEAK = YES;
				CLANG_WARN_BLOCK_CAPTURE_AUTORELEASING = YES;
				CLANG_WARN_BOOL_CONVERSION = YES;
				CLANG_WARN_COMMA = YES;
				CLANG_WARN_CONSTANT_CONVERSION = YES;
				CLANG_WARN_DEPRECATED_OBJC_IMPLEMENTATIONS = YES;
				CLANG_WARN_DIRECT_OBJC_ISA_USAGE = YES_ERROR;
				CLANG_WARN_DOCUMENTATION_COMMENTS = YES;
				CLANG_WARN_EMPTY_BODY = YES;
				CLANG_WARN_ENUM_CONVERSION = YES;
				CLANG_WARN_INFINITE_RECURSION = YES;
				CLANG_WARN_INT_CONVERSION = YES;
				CLANG_WARN_NON_LITERAL_NULL_CONVERSION = YES;
				CLANG_WARN_OBJC_IMPLICIT_RETAIN_SELF = YES;
				CLANG_WARN_OBJC_LITERAL_CONVERSION = YES;
				CLANG_WARN_OBJC_ROOT_CLASS = YES_ERROR;
				CLANG_WARN_QUOTED_INCLUDE_IN_FRAMEWORK_HEADER = YES;
				CLANG_WARN_RANGE_LOOP_ANALYSIS = YES;
				CLANG_WARN_STRICT_PROTOTYPES = YES;
				CLANG_WARN_SUSPICIOUS_MOVE = YES;
				CLANG_WARN_UNGUARDED_AVAILABILITY = YES_AGGRESSIVE;
				CLANG_WARN_UNREACHABLE_CODE = YES;
				CLANG_WARN__DUPLICATE_METHOD_MATCH = YES;
				COPY_PHASE_STRIP = NO;
				DEBUG_INFORMATION_FORMAT = dwarf;
				ENABLE_STRICT_OBJC_MSGSEND = YES;
				ENABLE_TESTABILITY = YES;
				ENABLE_USER_SCRIPT_SANDBOXING = YES;
				GCC_C_LANGUAGE_STANDARD = gnu17;
				GCC_DYNAMIC_NO_PIC = NO;
				GCC_NO_COMMON_BLOCKS = YES;
				GCC_OPTIMIZATION_LEVEL = 0;
				GCC_PREPROCESSOR_DEFINITIONS = (
					"DEBUG=1",
					"$(inherited)",
				);
				GCC_WARN_64_TO_32_BIT_CONVERSION = YES;
				GCC_WARN_ABOUT_RETURN_TYPE = YES_ERROR;
				GCC_WARN_UNDECLARED_SELECTOR = YES;
				GCC_WARN_UNINITIALIZED_AUTOS = YES_AGGRESSIVE;
				GCC_WARN_UNUSED_FUNCTION = YES;
				GCC_WARN_UNUSED_VARIABLE = YES;
				IPHONEOS_DEPLOYMENT_TARGET = 17.0;
				LOCALIZATION_PREFERS_STRING_CATALOGS = YES;
				MTL_ENABLE_DEBUG_INFO = INCLUDE_SOURCE;
				MTL_FAST_MATH = YES;
				ONLY_ACTIVE_ARCH = YES;
				SDKROOT = iphoneos;
				SWIFT_ACTIVE_COMPILATION_CONDITIONS = "DEBUG $(inherited)";
				SWIFT_OPTIMIZATION_LEVEL = "-Onone";
			};
			name = Debug;
		};
		8002 /* Release */ = {
			isa = XCBuildConfiguration;
			buildSettings = {
				ALWAYS_SEARCH_USER_PATHS = NO;
				ASSETCATALOG_COMPILER_GENERATE_SWIFT_ASSET_SYMBOL_EXTENSIONS = YES;
				CLANG_ANALYZER_NONNULL = YES;
				CLANG_ANALYZER_NUMBER_OBJECT_CONVERSION = YES_AGGRESSIVE;
				CLANG_CXX_LANGUAGE_STANDARD = "gnu++20";
				CLANG_ENABLE_MODULES = YES;
				CLANG_ENABLE_OBJC_ARC = YES;
				CLANG_ENABLE_OBJC_WEAK = YES;
				CLANG_WARN_BLOCK_CAPTURE_AUTORELEASING = YES;
				CLANG_WARN_BOOL_CONVERSION = YES;
				CLANG_WARN_COMMA = YES;
				CLANG_WARN_CONSTANT_CONVERSION = YES;
				CLANG_WARN_DEPRECATED_OBJC_IMPLEMENTATIONS = YES;
				CLANG_WARN_DIRECT_OBJC_ISA_USAGE = YES_ERROR;
				CLANG_WARN_DOCUMENTATION_COMMENTS = YES;
				CLANG_WARN_EMPTY_BODY = YES;
				CLANG_WARN_ENUM_CONVERSION = YES;
				CLANG_WARN_INFINITE_RECURSION = YES;
				CLANG_WARN_INT_CONVERSION = YES;
				CLANG_WARN_NON_LITERAL_NULL_CONVERSION = YES;
				CLANG_WARN_OBJC_IMPLICIT_RETAIN_SELF = YES;
				CLANG_WARN_OBJC_LITERAL_CONVERSION = YES;
				CLANG_WARN_OBJC_ROOT_CLASS = YES_ERROR;
				CLANG_WARN_QUOTED_INCLUDE_IN_FRAMEWORK_HEADER = YES;
				CLANG_WARN_RANGE_LOOP_ANALYSIS = YES;
				CLANG_WARN_STRICT_PROTOTYPES = YES;
				CLANG_WARN_SUSPICIOUS_MOVE = YES;
				CLANG_WARN_UNGUARDED_AVAILABILITY = YES_AGGRESSIVE;
				CLANG_WARN_UNREACHABLE_CODE = YES;
				CLANG_WARN__DUPLICATE_METHOD_MATCH = YES;
				COPY_PHASE_STRIP = NO;
				DEBUG_INFORMATION_FORMAT = "dwarf-with-dsym";
				ENABLE_NS_ASSERTIONS = NO;
				ENABLE_STRICT_OBJC_MSGSEND = YES;
				ENABLE_USER_SCRIPT_SANDBOXING = YES;
				GCC_C_LANGUAGE_STANDARD = gnu17;
				GCC_NO_COMMON_BLOCKS = YES;
				GCC_WARN_64_TO_32_BIT_CONVERSION = YES;
				GCC_WARN_ABOUT_RETURN_TYPE = YES_ERROR;
				GCC_WARN_UNDECLARED_SELECTOR = YES;
				GCC_WARN_UNINITIALIZED_AUTOS = YES_AGGRESSIVE;
				GCC_WARN_UNUSED_FUNCTION = YES;
				GCC_WARN_UNUSED_VARIABLE = YES;
				IPHONEOS_DEPLOYMENT_TARGET = 17.0;
				LOCALIZATION_PREFERS_STRING_CATALOGS = YES;
				MTL_ENABLE_DEBUG_INFO = NO;
				MTL_FAST_MATH = YES;
				SDKROOT = iphoneos;
				SWIFT_COMPILATION_MODE = wholemodule;
				VALIDATE_PRODUCT = YES;
			};
			name = Release;
		};
		8003 /* Debug */ = {
			isa = XCBuildConfiguration;
			buildSettings = {
				ASSETCATALOG_COMPILER_APPICON_NAME = AppIcon;
				ASSETCATALOG_COMPILER_GLOBAL_ACCENT_COLOR_NAME = AccentColor;
				CODE_SIGN_STYLE = Automatic;
				CURRENT_PROJECT_VERSION = 1;
				DEVELOPMENT_TEAM = "";
				ENABLE_PREVIEWS = YES;
				GENERATE_INFOPLIST_FILE = NO;
				INFOPLIST_FILE = HeyJarvisApp/Info.plist;
				INFOPLIST_KEY_CFBundleDisplayName = "Hey Jarvis";
				INFOPLIST_KEY_UIApplicationSceneManifest_Generation = YES;
				INFOPLIST_KEY_UIApplicationSupportsIndirectInputEvents = YES;
				INFOPLIST_KEY_UILaunchScreen_Generation = YES;
				INFOPLIST_KEY_UISupportedInterfaceOrientations_iPad = "UIInterfaceOrientationPortrait UIInterfaceOrientationPortraitUpsideDown UIInterfaceOrientationLandscapeLeft UIInterfaceOrientationLandscapeRight";
				INFOPLIST_KEY_UISupportedInterfaceOrientations_iPhone = "UIInterfaceOrientationPortrait UIInterfaceOrientationLandscapeLeft UIInterfaceOrientationLandscapeRight";
				LD_RUNPATH_SEARCH_PATHS = (
					"$(inherited)",
					"@executable_path/Frameworks",
				);
				MARKETING_VERSION = 2.0;
				PRODUCT_BUNDLE_IDENTIFIER = com.AI.Jarvis;
				PRODUCT_NAME = "$(TARGET_NAME)";
				SWIFT_EMIT_LOC_STRINGS = YES;
				SWIFT_VERSION = 5.0;
				TARGETED_DEVICE_FAMILY = "1,2";
			};
			name = Debug;
		};
		8004 /* Release */ = {
			isa = XCBuildConfiguration;
			buildSettings = {
				ASSETCATALOG_COMPILER_APPICON_NAME = AppIcon;
				ASSETCATALOG_COMPILER_GLOBAL_ACCENT_COLOR_NAME = AccentColor;
				CODE_SIGN_STYLE = Automatic;
				CURRENT_PROJECT_VERSION = 1;
				DEVELOPMENT_TEAM = "";
				ENABLE_PREVIEWS = YES;
				GENERATE_INFOPLIST_FILE = NO;
				INFOPLIST_FILE = HeyJarvisApp/Info.plist;
				INFOPLIST_KEY_CFBundleDisplayName = "Hey Jarvis";
				INFOPLIST_KEY_UIApplicationSceneManifest_Generation = YES;
				INFOPLIST_KEY_UIApplicationSupportsIndirectInputEvents = YES;
				INFOPLIST_KEY_UILaunchScreen_Generation = YES;
				INFOPLIST_KEY_UISupportedInterfaceOrientations_iPad = "UIInterfaceOrientationPortrait UIInterfaceOrientationPortraitUpsideDown UIInterfaceOrientationLandscapeLeft UIInterfaceOrientationLandscapeRight";
				INFOPLIST_KEY_UISupportedInterfaceOrientations_iPhone = "UIInterfaceOrientationPortrait UIInterfaceOrientationLandscapeLeft UIInterfaceOrientationLandscapeRight";
				LD_RUNPATH_SEARCH_PATHS = (
					"$(inherited)",
					"@executable_path/Frameworks",
				);
				MARKETING_VERSION = 2.0;
				PRODUCT_BUNDLE_IDENTIFIER = com.AI.Jarvis;
				PRODUCT_NAME = "$(TARGET_NAME)";
				SWIFT_EMIT_LOC_STRINGS = YES;
				SWIFT_VERSION = 5.0;
				TARGETED_DEVICE_FAMILY = "1,2";
			};
			name = Release;
		};
/* End XCBuildConfiguration section */

/* Begin XCConfigurationList section */
		6001 /* Build configuration list for PBXProject "HeyJarvisApp" */ = {
			isa = XCConfigurationList;
			buildConfigurations = (
				8001 /* Debug */,
				8002 /* Release */,
			);
			defaultConfigurationIsVisible = 0;
			defaultConfigurationName = Release;
		};
		6002 /* Build configuration list for PBXNativeTarget "HeyJarvisApp" */ = {
			isa = XCConfigurationList;
			buildConfigurations = (
				8003 /* Debug */,
				8004 /* Release */,
			);
			defaultConfigurationIsVisible = 0;
			defaultConfigurationName = Release;
		};
/* End XCConfigurationList section */
	};
	rootObject = 7000 /* Project object */;
}
